
Microsoft Visual Studio Solution File, Format Version 12.00
# Visual Studio Version 17
VisualStudioVersion = 17.14.36414.22 d17.14
MinimumVisualStudioVersion = 10.0.40219.1
Project("{FAE04EC0-301F-11D3-BF4B-00C04F79EFBC}") = "DBOperationEFCore", "DBOperationEFCore\DBOperationEFCore.csproj", "{65A5A1DE-B48D-4078-84A4-02C9F63FC74B}"
EndProject
Global
	GlobalSection(SolutionConfigurationPlatforms) = preSolution
		Debug|Any CPU = Debug|Any CPU
		Release|Any CPU = Release|Any CPU
	EndGlobalSection
	GlobalSection(ProjectConfigurationPlatforms) = postSolution
		{65A5A1DE-B48D-4078-84A4-02C9F63FC74B}.Debug|Any CPU.ActiveCfg = Debug|Any CPU
		{65A5A1DE-B48D-4078-84A4-02C9F63FC74B}.Debug|Any CPU.Build.0 = Debug|Any CPU
		{65A5A1DE-B48D-4078-84A4-02C9F63FC74B}.Release|Any CPU.ActiveCfg = Release|Any CPU
		{65A5A1DE-B48D-4078-84A4-02C9F63FC74B}.Release|Any CPU.Build.0 = Release|Any CPU
	EndGlobalSection
	GlobalSection(SolutionProperties) = preSolution
		HideSolutionNode = FALSE
	EndGlobalSection
	GlobalSection(ExtensibilityGlobals) = postSolution
		SolutionGuid = {242AAEDC-C585-45AD-B9B0-8EA0C1FA63ED}
	EndGlobalSection
EndGlobal
